# This file was autogenerated by Stack.
# You should not edit this file by hand.
# For more information, please see the documentation at:
#   https://docs.haskellstack.org/en/stable/topics/lock_files

packages:
- completed:
    hackage: Blammo-2.1.3.0@sha256:1ebab378041b1786fffbc06ebdbd31483175d4531a27859f4ef6a63dd14b5cd2,4794
    pantry-tree:
      sha256: edd81370a0174d5ae397ceccfb6fc657bfbfd4994a6975efe4cc9b34035d9dd6
      size: 1866
  original:
    hackage: Blammo-2.1.3.0
- completed:
    hackage: ronn-1.1.1.0@sha256:6852148b2cd62b3912f1ca851badbac851e0466ce5998ee9c5dd2435d5ea79f8,2834
    pantry-tree:
      sha256: ec76e5661a2d4a1db26c74650b06458c13c2bd0b6ac382022e88b130f0af68c1
      size: 623
  original:
    hackage: ronn-1.1.1.0
- completed:
    hackage: ronn-optparse-applicative-1.0.1.0@sha256:1a0bba73222683735acb3edaf44cc230fe278b5b14598e05bb78512a0b0c8491,2873
    pantry-tree:
      sha256: 6dee1b0fcd881e49bfdf17e7090b86b76b974d2e6e166dbf61082f495b4bc11e
      size: 378
  original:
    hackage: ronn-optparse-applicative-1.0.1.0
snapshots:
- completed:
    sha256: 4ef79c30b9efcf07335cb3de532983a7ac4c5a4180bc17f6212a86b09ce2ff75
    size: 680777
    url: https://raw.githubusercontent.com/commercialhaskell/stackage-snapshots/master/lts/23/7.yaml
  original: lts-23.7
